
Microsoft Visual Studio Solution File, Format Version 12.00
# Visual Studio Version 17
VisualStudioVersion = 17.8.34525.116
MinimumVisualStudioVersion = 10.0.40219.1
Project("{9A19103F-16F7-4668-BE54-9A1E7A4F7556}") = "IssueProject", "Source\IssueProject.csproj", "{52283119-BD4A-4E8C-8EE0-2BD17C549A23}"
EndProject
Project("{2150E333-8FDC-42A3-9474-1A3956D46DE8}") = "Solution Items", "Solution Items", "{14583D5E-8F91-4BB6-A78E-72DED0E271FE}"
	ProjectSection(SolutionItems) = preProject
		.editorconfig = .editorconfig
	EndProjectSection
EndProject
Global
	GlobalSection(SolutionConfigurationPlatforms) = preSolution
		Debug|Any CPU = Debug|Any CPU
		Release|Any CPU = Release|Any CPU
	EndGlobalSection
	GlobalSection(ProjectConfigurationPlatforms) = postSolution
		{52283119-BD4A-4E8C-8EE0-2BD17C549A23}.Debug|Any CPU.ActiveCfg = Debug|Any CPU
		{52283119-BD4A-4E8C-8EE0-2BD17C549A23}.Debug|Any CPU.Build.0 = Debug|Any CPU
		{52283119-BD4A-4E8C-8EE0-2BD17C549A23}.Release|Any CPU.ActiveCfg = Release|Any CPU
		{52283119-BD4A-4E8C-8EE0-2BD17C549A23}.Release|Any CPU.Build.0 = Release|Any CPU
	EndGlobalSection
	GlobalSection(SolutionProperties) = preSolution
		HideSolutionNode = FALSE
	EndGlobalSection
	GlobalSection(ExtensibilityGlobals) = postSolution
		SolutionGuid = {44FD2623-2574-4C1C-9E8B-6EA485C23D61}
	EndGlobalSection
EndGlobal
